schema: '2.0'
stages:
  preprocess_data:
    cmd: python src/preprocess_data.py
    deps:
    - path: configs/config.yaml
      md5: 9cdb88c73f9988c76377be5dd83fd1c8
      size: 518
    - path: configs/data/
      md5: 9adc739ec8796576f174b61bb53e6dd9.dir
      size: 11993
      nfiles: 1
    - path: data/UNB/DDoS-2019/03-11/LDAP.csv
      md5: 113fc61349b686057416818d2a8a65c3
      size: 871398918
    - path: data/UNB/DDoS-2019/03-11/MSSQL.csv
      md5: ece14ee137fd6d5157cc01060b0caf67
      size: 2386225228
    - path: data/UNB/DDoS-2019/03-11/NetBIOS.csv
      md5: af244d7d690903ed1f501478431306a6
      size: 1418468105
    - path: data/UNB/DDoS-2019/03-11/Portmap.csv
      md5: 367af00537c637e63ffb3ca3d99c276a
      size: 78611080
    - path: data/UNB/DDoS-2019/03-11/Syn.csv
      md5: cb409e885eeb06a254185a9f7a9e1c8e
      size: 1877372065
    - path: data/UNB/DDoS-2019/03-11/UDP.csv
      md5: eeae174ee7aaa42ec2c89278fb16c7bf
      size: 1792797298
    - path: data/UNB/DDoS-2019/03-11/UDPLag.csv
      md5: 4a3f3c08a51cdd97fe5e33c6b844a004
      size: 319793413
    - path: src/preprocess_data.py
      md5: 5c6e05351964fa75b0215054251a0796
      size: 3318
    outs:
    - path: data/output/p-LDAP.csv
      md5: a69551f3e5a534de6b9a99df3f09100c
      size: 155156634
    - path: data/output/p-MSSQL.csv
      md5: 45a5e1da07831327957bb5e6dd878075
      size: 410365702
    - path: data/output/p-NetBIOS.csv
      md5: a77da37a8c3dca976d32500915a2f968
      size: 245011162
    - path: data/output/p-Portmap.csv
      md5: bbb4aa4abe5383b99aa94e5c1b5aaeaf
      size: 13587475
    - path: data/output/p-Syn.csv
      md5: f86160ea38ea3eba0db94e58206987e5
      size: 284726826
    - path: data/output/p-UDP.csv
      md5: 8230fb4bb1e237913254254944ca542d
      size: 304438157
    - path: data/output/p-UDPLag.csv
      md5: f5680052ec24119e871bc58fe49a1623
      size: 49425248
  merge_data:
    cmd: python src/merge_data.py
    deps:
    - path: configs/config.yaml
      md5: 9cdb88c73f9988c76377be5dd83fd1c8
      size: 518
    - path: configs/data/
      md5: 9adc739ec8796576f174b61bb53e6dd9.dir
      size: 11993
      nfiles: 1
    - path: data/output/p-LDAP.csv
      md5: a69551f3e5a534de6b9a99df3f09100c
      size: 155156634
    - path: data/output/p-MSSQL.csv
      md5: 45a5e1da07831327957bb5e6dd878075
      size: 410365702
    - path: data/output/p-NetBIOS.csv
      md5: a77da37a8c3dca976d32500915a2f968
      size: 245011162
    - path: data/output/p-Portmap.csv
      md5: bbb4aa4abe5383b99aa94e5c1b5aaeaf
      size: 13587475
    - path: data/output/p-Syn.csv
      md5: f86160ea38ea3eba0db94e58206987e5
      size: 284726826
    - path: data/output/p-UDP.csv
      md5: 8230fb4bb1e237913254254944ca542d
      size: 304438157
    - path: data/output/p-UDPLag.csv
      md5: f5680052ec24119e871bc58fe49a1623
      size: 49425248
    - path: src/merge_data.py
      md5: 7b94ff5fa4d712d53369d95ec89f6349
      size: 1556
    outs:
    - path: data/output/merged.csv
      md5: 8b8a0dad45fec4f20291a51f8ac5f7a6
      size: 1462707976
  normalize_data:
    cmd: python src/Normalizer.py
    deps:
    - path: configs/config.yaml
      md5: 9cdb88c73f9988c76377be5dd83fd1c8
      size: 518
    - path: configs/data/
      md5: 9adc739ec8796576f174b61bb53e6dd9.dir
      size: 11993
      nfiles: 1
    - path: data/output/merged.csv
      md5: 8b8a0dad45fec4f20291a51f8ac5f7a6
      size: 1462707976
    - path: src/Normalizer.py
      md5: 3d9baf9617517cc57e1274f88d3082d7
      size: 6916
    outs:
    - path: data/output/n-merged.csv
      md5: 816be1130a3b0ef2db877f1776d6cfdd
      size: 5878705851
    - path: data/output/n-params.json
      md5: 50749363b1f453c725406cb8c95838c1
      size: 1124
  create_tensors:
    cmd: python src/Dataset.py
    deps:
    - path: configs/config.yaml
      md5: 9cdb88c73f9988c76377be5dd83fd1c8
      size: 518
    - path: configs/data/
      md5: 9adc739ec8796576f174b61bb53e6dd9.dir
      size: 11993
      nfiles: 1
    - path: data/output/n-merged.csv
      md5: 816be1130a3b0ef2db877f1776d6cfdd
      size: 5878705851
    - path: src/Dataset.py
      md5: 473ebd643d3a497b3b31daa147f90053
      size: 9929
    outs:
    - path: data/output/unb_0.pt
      md5: 2ca90681742c7dcda774b7664de57140
      size: 6447719
  train_model:
    cmd: python src/train_model.py
    deps:
    - path: configs/config.yaml
      md5: 9cdb88c73f9988c76377be5dd83fd1c8
      size: 518
    - path: configs/data/
      md5: 9adc739ec8796576f174b61bb53e6dd9.dir
      size: 11993
      nfiles: 1
    - path: configs/ressource/
      md5: 586661770f49e3657fdad45c3291b6c2.dir
      size: 98
      nfiles: 1
    - path: configs/training/
      md5: 22c9586c07f0323d1564118359f8ce75.dir
      size: 132
      nfiles: 1
    - path: data/output/unb_0.pt
      md5: 2ca90681742c7dcda774b7664de57140
      size: 6447719
    - path: multirun-find_hyperparams/optimization_results.yaml
      md5: 75ebeac0bb6a7e6b4c8d44cb76bea3f1
      size: 258
    - path: src/train_model.py
      md5: d37e4f6e0453236484bcb5d9a10be91f
      size: 4013
  find_hyperparams:
    cmd: python src/hp_optimizer.py --multirun ++hydra.sweep.dir=multirun-find_hyperparams
    deps:
    - path: configs/config.yaml
      md5: 9cdb88c73f9988c76377be5dd83fd1c8
      size: 518
    - path: configs/data/
      md5: 9adc739ec8796576f174b61bb53e6dd9.dir
      size: 11993
      nfiles: 1
    - path: configs/hopt/
      md5: 6f814df142c2e0f83bad46ecc01f6312.dir
      size: 723
      nfiles: 1
    - path: data/output/unb_0.pt
      md5: 2ca90681742c7dcda774b7664de57140
      size: 6447719
    - path: src/hp_optimizer.py
      md5: ff70e243e4fb9d7034d498388063e8bd
      size: 3751
    outs:
    - path: multirun-find_hyperparams
      md5: b4688c2dc87a35c86f45ee6ebe1554ef.dir
      size: 713218
      nfiles: 161
